
Microsoft Visual Studio Solution File, Format Version 12.00
# Visual Studio 2013
VisualStudioVersion = 12.0.21005.1
MinimumVisualStudioVersion = 10.0.40219.1
Project("{8BC9CEB8-8B4A-11D0-8D11-00A0C91BC942}") = "TextQuery1", "TextQuery1\TextQuery1.vcxproj", "{B4D62F89-B0B3-434F-BBE9-5B19454320CD}"
EndProject
Project("{8BC9CEB8-8B4A-11D0-8D11-00A0C91BC942}") = "TextQuery2", "TextQuery2\TextQuery2.vcxproj", "{9EBB903A-0468-4480-8517-C81EE30849CA}"
EndProject
Global
	GlobalSection(SolutionConfigurationPlatforms) = preSolution
		Debug|Win32 = Debug|Win32
		Release|Win32 = Release|Win32
	EndGlobalSection
	GlobalSection(ProjectConfigurationPlatforms) = postSolution
		{B4D62F89-B0B3-434F-BBE9-5B19454320CD}.Debug|Win32.ActiveCfg = Debug|Win32
		{B4D62F89-B0B3-434F-BBE9-5B19454320CD}.Debug|Win32.Build.0 = Debug|Win32
		{B4D62F89-B0B3-434F-BBE9-5B19454320CD}.Release|Win32.ActiveCfg = Release|Win32
		{B4D62F89-B0B3-434F-BBE9-5B19454320CD}.Release|Win32.Build.0 = Release|Win32
		{9EBB903A-0468-4480-8517-C81EE30849CA}.Debug|Win32.ActiveCfg = Debug|Win32
		{9EBB903A-0468-4480-8517-C81EE30849CA}.Debug|Win32.Build.0 = Debug|Win32
		{9EBB903A-0468-4480-8517-C81EE30849CA}.Release|Win32.ActiveCfg = Release|Win32
		{9EBB903A-0468-4480-8517-C81EE30849CA}.Release|Win32.Build.0 = Release|Win32
	EndGlobalSection
	GlobalSection(SolutionProperties) = preSolution
		HideSolutionNode = FALSE
	EndGlobalSection
EndGlobal
